
Microsoft Visual Studio Solution File, Format Version 12.00
# Visual Studio Version 16
VisualStudioVersion = 16.0.31313.79
MinimumVisualStudioVersion = 10.0.40219.1
Project("{FAE04EC0-301F-11D3-BF4B-00C04F79EFBC}") = "helloworld", "helloworld\helloworld.csproj", "{7BDE6416-A7E9-4F36-8B4C-9F8DC28B07E2}"
EndProject
Global
	GlobalSection(SolutionConfigurationPlatforms) = preSolution
		Debug|Any CPU = Debug|Any CPU
		Release|Any CPU = Release|Any CPU
	EndGlobalSection
	GlobalSection(ProjectConfigurationPlatforms) = postSolution
		{7BDE6416-A7E9-4F36-8B4C-9F8DC28B07E2}.Debug|Any CPU.ActiveCfg = Debug|Any CPU
		{7BDE6416-A7E9-4F36-8B4C-9F8DC28B07E2}.Debug|Any CPU.Build.0 = Debug|Any CPU
		{7BDE6416-A7E9-4F36-8B4C-9F8DC28B07E2}.Release|Any CPU.ActiveCfg = Release|Any CPU
		{7BDE6416-A7E9-4F36-8B4C-9F8DC28B07E2}.Release|Any CPU.Build.0 = Release|Any CPU
	EndGlobalSection
	GlobalSection(SolutionProperties) = preSolution
		HideSolutionNode = FALSE
	EndGlobalSection
	GlobalSection(ExtensibilityGlobals) = postSolution
		SolutionGuid = {BF209BDD-98C6-4EDA-835B-888CA16C624F}
	EndGlobalSection
EndGlobal
